
Microsoft Visual Studio Solution File, Format Version 12.00
# Visual Studio Version 17
VisualStudioVersion = 17.0.31903.59
MinimumVisualStudioVersion = 10.0.40219.1
Project("{FAE04EC0-301F-11D3-BF4B-00C04F79EFBC}") = "SmoothOperator", "SmoothOperator\SmoothOperator.csproj", "{189530B7-9DE5-40C3-9FAE-9AEC7749BCC2}"
EndProject
Project("{FAE04EC0-301F-11D3-BF4B-00C04F79EFBC}") = "Cilindro", "Cilindro\Cilindro.csproj", "{0DA4FEB8-5C0A-4390-A862-0475309D7B0C}"
EndProject
Project("{FAE04EC0-301F-11D3-BF4B-00C04F79EFBC}") = "ValoresEspeciais", "ValoresEspeciais\ValoresEspeciais.csproj", "{3A63BCAA-B580-4825-BD9B-A7AC7AEDE6E1}"
EndProject
Project("{FAE04EC0-301F-11D3-BF4B-00C04F79EFBC}") = "ChatGPTZero", "ChatGPTZero\ChatGPTZero.csproj", "{7176AEDE-2636-412B-AB67-69138912A48A}"
EndProject
Global
	GlobalSection(SolutionConfigurationPlatforms) = preSolution
		Debug|Any CPU = Debug|Any CPU
		Release|Any CPU = Release|Any CPU
	EndGlobalSection
	GlobalSection(SolutionProperties) = preSolution
		HideSolutionNode = FALSE
	EndGlobalSection
	GlobalSection(ProjectConfigurationPlatforms) = postSolution
		{189530B7-9DE5-40C3-9FAE-9AEC7749BCC2}.Debug|Any CPU.ActiveCfg = Debug|Any CPU
		{189530B7-9DE5-40C3-9FAE-9AEC7749BCC2}.Debug|Any CPU.Build.0 = Debug|Any CPU
		{189530B7-9DE5-40C3-9FAE-9AEC7749BCC2}.Release|Any CPU.ActiveCfg = Release|Any CPU
		{189530B7-9DE5-40C3-9FAE-9AEC7749BCC2}.Release|Any CPU.Build.0 = Release|Any CPU
		{0DA4FEB8-5C0A-4390-A862-0475309D7B0C}.Debug|Any CPU.ActiveCfg = Debug|Any CPU
		{0DA4FEB8-5C0A-4390-A862-0475309D7B0C}.Debug|Any CPU.Build.0 = Debug|Any CPU
		{0DA4FEB8-5C0A-4390-A862-0475309D7B0C}.Release|Any CPU.ActiveCfg = Release|Any CPU
		{0DA4FEB8-5C0A-4390-A862-0475309D7B0C}.Release|Any CPU.Build.0 = Release|Any CPU
		{3A63BCAA-B580-4825-BD9B-A7AC7AEDE6E1}.Debug|Any CPU.ActiveCfg = Debug|Any CPU
		{3A63BCAA-B580-4825-BD9B-A7AC7AEDE6E1}.Debug|Any CPU.Build.0 = Debug|Any CPU
		{3A63BCAA-B580-4825-BD9B-A7AC7AEDE6E1}.Release|Any CPU.ActiveCfg = Release|Any CPU
		{3A63BCAA-B580-4825-BD9B-A7AC7AEDE6E1}.Release|Any CPU.Build.0 = Release|Any CPU
		{7176AEDE-2636-412B-AB67-69138912A48A}.Debug|Any CPU.ActiveCfg = Debug|Any CPU
		{7176AEDE-2636-412B-AB67-69138912A48A}.Debug|Any CPU.Build.0 = Debug|Any CPU
		{7176AEDE-2636-412B-AB67-69138912A48A}.Release|Any CPU.ActiveCfg = Release|Any CPU
		{7176AEDE-2636-412B-AB67-69138912A48A}.Release|Any CPU.Build.0 = Release|Any CPU
	EndGlobalSection
EndGlobal
